{
  "name": "ds-utils",
  "version": "0.0.8",
  "lockfileVersion": 2,
  "requires": true,
  "packages": {
    "": {
      "version": "0.0.8",
      "peerDependencies": {
        "@danwulff/ds-utils": "^0.0.8"
      }
    },
    "node_modules/@danwulff/ds-utils": {
      "version": "0.0.8",
      "resolved": "https://npm.pkg.github.com/download/@danwulff/ds-utils/0.0.8/c826b51da165390c17b066030ff1bf0b67b0020c",
      "integrity": "sha512-1eGLTwYfMPwFxj7lFIYh0+lgi0Yd8WJbiieD0+GtPmgr2cpVfnrEjE1tIWqOHq9+cvuVsWbab+dImHIVanQu+A==",
      "peer": true
    }
  },
  "dependencies": {
    "@danwulff/ds-utils": {
      "version": "0.0.8",
      "resolved": "https://npm.pkg.github.com/download/@danwulff/ds-utils/0.0.8/c826b51da165390c17b066030ff1bf0b67b0020c",
      "integrity": "sha512-1eGLTwYfMPwFxj7lFIYh0+lgi0Yd8WJbiieD0+GtPmgr2cpVfnrEjE1tIWqOHq9+cvuVsWbab+dImHIVanQu+A==",
      "peer": true
    }
  }
}
